
Microsoft Visual Studio Solution File, Format Version 12.00
# Visual Studio 15
VisualStudioVersion = 15.0.27130.2020
MinimumVisualStudioVersion = 10.0.40219.1
Project("{FAE04EC0-301F-11D3-BF4B-00C04F79EFBC}") = "Model", "Model\Model.csproj", "{BEA5E500-2B85-48EF-B094-636C10754360}"
EndProject
Project("{FAE04EC0-301F-11D3-BF4B-00C04F79EFBC}") = "Repositories", "Repositories\Repositories.csproj", "{2FA214FB-D2B6-4989-BF63-2406E54CCF54}"
EndProject
Project("{2150E333-8FDC-42A3-9474-1A3956D46DE8}") = "Plugins", "Plugins", "{3B5ED33A-33B5-48A4-8BFD-B5D502C706B3}"
EndProject
Project("{FAE04EC0-301F-11D3-BF4B-00C04F79EFBC}") = "Planner", "Planner\Planner.csproj", "{3E08C8E0-5943-4839-B72D-9A1E94312529}"
EndProject
Project("{FAE04EC0-301F-11D3-BF4B-00C04F79EFBC}") = "Executor", "Executor\Executor.csproj", "{4C5D01F3-029C-4010-B7A7-ECD8F2BA9401}"
EndProject
Project("{FAE04EC0-301F-11D3-BF4B-00C04F79EFBC}") = "Simulator", "Simulator\Simulator.csproj", "{1154EF98-89CE-4709-AF04-02AAD82C52B6}"
EndProject
Project("{FAE04EC0-301F-11D3-BF4B-00C04F79EFBC}") = "WindowsService", "WindowsService\WindowsService.csproj", "{60FA8FE9-AD94-45EE-8C74-A38B0B24BDB1}"
	ProjectSection(ProjectDependencies) = postProject
		{BC6A97D4-FBC9-438B-BD2A-33D724457133} = {BC6A97D4-FBC9-438B-BD2A-33D724457133}
	EndProjectSection
EndProject
Project("{FAE04EC0-301F-11D3-BF4B-00C04F79EFBC}") = "Plugins.Common", "Plugins\Common\Plugins.Common.csproj", "{49D0543E-F928-4146-A3E0-FDF0525FEB7F}"
EndProject
Project("{FAE04EC0-301F-11D3-BF4B-00C04F79EFBC}") = "Plugins.Dummy", "Plugins\Dummy\Plugins.Dummy.csproj", "{E78ACB08-4BCA-4B5F-95CA-49B753700AF5}"
EndProject
Project("{2150E333-8FDC-42A3-9474-1A3956D46DE8}") = "Tests", "Tests", "{7FA4AB57-C7F7-40D9-A969-07A02038B761}"
EndProject
Project("{FAE04EC0-301F-11D3-BF4B-00C04F79EFBC}") = "Executor.Test", "Executor.Test\Executor.Test.csproj", "{067456C0-086C-46A8-B37F-1405717B7BFC}"
EndProject
Project("{FAE04EC0-301F-11D3-BF4B-00C04F79EFBC}") = "Planner.Test", "Planner.Test\Planner.Test.csproj", "{43FDBC81-7401-459B-9CBD-A250A030ABE9}"
EndProject
Project("{FAE04EC0-301F-11D3-BF4B-00C04F79EFBC}") = "Repositories.Test", "Repositories.Test\Repositories.Test.csproj", "{FA73F6A4-2A5B-434A-BDFB-F3DE81579373}"
EndProject
Project("{FAE04EC0-301F-11D3-BF4B-00C04F79EFBC}") = "Simulator.Test", "Simulator.Test\Simulator.Test.csproj", "{2E729F25-C367-42C3-83E7-A87449CB6AB5}"
EndProject
Project("{FAE04EC0-301F-11D3-BF4B-00C04F79EFBC}") = "Plugins.Wfs", "Plugins\Wfs\Plugins.Wfs.csproj", "{52F81F8C-9DDD-4387-8BB7-2D004A4CDF87}"
EndProject
Project("{FAE04EC0-301F-11D3-BF4B-00C04F79EFBC}") = "Logging", "Logging\Logging.csproj", "{08465CA5-00FF-4585-BDE1-47E1AD5D194A}"
EndProject
Project("{FAE04EC0-301F-11D3-BF4B-00C04F79EFBC}") = "Plugins.Test", "Plugins.Test\Plugins.Test.csproj", "{980B3DB2-22CF-4E5A-8380-EDB430860A62}"
EndProject
Project("{2150E333-8FDC-42A3-9474-1A3956D46DE8}") = "Solution Items", "Solution Items", "{AFC34C38-8865-42D2-8420-97116294D66D}"
	ProjectSection(SolutionItems) = preProject
		CodeMap.dgml = CodeMap.dgml
		..\msbuild.xml = ..\msbuild.xml
	EndProjectSection
EndProject
Project("{FAE04EC0-301F-11D3-BF4B-00C04F79EFBC}") = "WindowsService.Test", "WindowsService.Test\WindowsService.Test.csproj", "{DEA3FEAF-3C38-4565-BB27-0F7D3D6C61A3}"
EndProject
Project("{FAE04EC0-301F-11D3-BF4B-00C04F79EFBC}") = "MediaInfoService", "MediaInfoService\MediaInfoService.csproj", "{BC6A97D4-FBC9-438B-BD2A-33D724457133}"
EndProject
Project("{FAE04EC0-301F-11D3-BF4B-00C04F79EFBC}") = "MediaInfoService.Test", "MediaInfoService.Test\MediaInfoService.Test.csproj", "{56BEBF5D-B78D-4BF5-9DBF-59BFF9133AAC}"
EndProject
Project("{FAE04EC0-301F-11D3-BF4B-00C04F79EFBC}") = "Plugins.FileRenamer", "Plugins\FileRenamer\Plugins.FileRenamer.csproj", "{D95FBF19-EB4D-421A-9991-21C63DABFDC2}"
EndProject
Project("{FAE04EC0-301F-11D3-BF4B-00C04F79EFBC}") = "Plugins.FFMpeg", "Plugins\FFMpg\Plugins.FFMpeg.csproj", "{02497C8B-61FE-4154-83BE-380B75FD299E}"
EndProject
Global
	GlobalSection(SolutionConfigurationPlatforms) = preSolution
		Debug|Any CPU = Debug|Any CPU
		Debug|x86 = Debug|x86
		Release|Any CPU = Release|Any CPU
		Release|x86 = Release|x86
	EndGlobalSection
	GlobalSection(ProjectConfigurationPlatforms) = postSolution
		{BEA5E500-2B85-48EF-B094-636C10754360}.Debug|Any CPU.ActiveCfg = Debug|Any CPU
		{BEA5E500-2B85-48EF-B094-636C10754360}.Debug|Any CPU.Build.0 = Debug|Any CPU
		{BEA5E500-2B85-48EF-B094-636C10754360}.Debug|x86.ActiveCfg = Debug|Any CPU
		{BEA5E500-2B85-48EF-B094-636C10754360}.Debug|x86.Build.0 = Debug|Any CPU
		{BEA5E500-2B85-48EF-B094-636C10754360}.Release|Any CPU.ActiveCfg = Release|Any CPU
		{BEA5E500-2B85-48EF-B094-636C10754360}.Release|Any CPU.Build.0 = Release|Any CPU
		{BEA5E500-2B85-48EF-B094-636C10754360}.Release|x86.ActiveCfg = Release|Any CPU
		{BEA5E500-2B85-48EF-B094-636C10754360}.Release|x86.Build.0 = Release|Any CPU
		{2FA214FB-D2B6-4989-BF63-2406E54CCF54}.Debug|Any CPU.ActiveCfg = Debug|Any CPU
		{2FA214FB-D2B6-4989-BF63-2406E54CCF54}.Debug|Any CPU.Build.0 = Debug|Any CPU
		{2FA214FB-D2B6-4989-BF63-2406E54CCF54}.Debug|x86.ActiveCfg = Debug|Any CPU
		{2FA214FB-D2B6-4989-BF63-2406E54CCF54}.Debug|x86.Build.0 = Debug|Any CPU
		{2FA214FB-D2B6-4989-BF63-2406E54CCF54}.Release|Any CPU.ActiveCfg = Release|Any CPU
		{2FA214FB-D2B6-4989-BF63-2406E54CCF54}.Release|Any CPU.Build.0 = Release|Any CPU
		{2FA214FB-D2B6-4989-BF63-2406E54CCF54}.Release|x86.ActiveCfg = Release|Any CPU
		{2FA214FB-D2B6-4989-BF63-2406E54CCF54}.Release|x86.Build.0 = Release|Any CPU
		{3E08C8E0-5943-4839-B72D-9A1E94312529}.Debug|Any CPU.ActiveCfg = Debug|Any CPU
		{3E08C8E0-5943-4839-B72D-9A1E94312529}.Debug|Any CPU.Build.0 = Debug|Any CPU
		{3E08C8E0-5943-4839-B72D-9A1E94312529}.Debug|x86.ActiveCfg = Debug|Any CPU
		{3E08C8E0-5943-4839-B72D-9A1E94312529}.Debug|x86.Build.0 = Debug|Any CPU
		{3E08C8E0-5943-4839-B72D-9A1E94312529}.Release|Any CPU.ActiveCfg = Release|Any CPU
		{3E08C8E0-5943-4839-B72D-9A1E94312529}.Release|Any CPU.Build.0 = Release|Any CPU
		{3E08C8E0-5943-4839-B72D-9A1E94312529}.Release|x86.ActiveCfg = Release|Any CPU
		{3E08C8E0-5943-4839-B72D-9A1E94312529}.Release|x86.Build.0 = Release|Any CPU
		{4C5D01F3-029C-4010-B7A7-ECD8F2BA9401}.Debug|Any CPU.ActiveCfg = Debug|Any CPU
		{4C5D01F3-029C-4010-B7A7-ECD8F2BA9401}.Debug|Any CPU.Build.0 = Debug|Any CPU
		{4C5D01F3-029C-4010-B7A7-ECD8F2BA9401}.Debug|x86.ActiveCfg = Debug|Any CPU
		{4C5D01F3-029C-4010-B7A7-ECD8F2BA9401}.Debug|x86.Build.0 = Debug|Any CPU
		{4C5D01F3-029C-4010-B7A7-ECD8F2BA9401}.Release|Any CPU.ActiveCfg = Release|Any CPU
		{4C5D01F3-029C-4010-B7A7-ECD8F2BA9401}.Release|Any CPU.Build.0 = Release|Any CPU
		{4C5D01F3-029C-4010-B7A7-ECD8F2BA9401}.Release|x86.ActiveCfg = Release|Any CPU
		{4C5D01F3-029C-4010-B7A7-ECD8F2BA9401}.Release|x86.Build.0 = Release|Any CPU
		{1154EF98-89CE-4709-AF04-02AAD82C52B6}.Debug|Any CPU.ActiveCfg = Debug|Any CPU
		{1154EF98-89CE-4709-AF04-02AAD82C52B6}.Debug|Any CPU.Build.0 = Debug|Any CPU
		{1154EF98-89CE-4709-AF04-02AAD82C52B6}.Debug|x86.ActiveCfg = Debug|Any CPU
		{1154EF98-89CE-4709-AF04-02AAD82C52B6}.Debug|x86.Build.0 = Debug|Any CPU
		{1154EF98-89CE-4709-AF04-02AAD82C52B6}.Release|Any CPU.ActiveCfg = Release|Any CPU
		{1154EF98-89CE-4709-AF04-02AAD82C52B6}.Release|Any CPU.Build.0 = Release|Any CPU
		{1154EF98-89CE-4709-AF04-02AAD82C52B6}.Release|x86.ActiveCfg = Release|Any CPU
		{1154EF98-89CE-4709-AF04-02AAD82C52B6}.Release|x86.Build.0 = Release|Any CPU
		{60FA8FE9-AD94-45EE-8C74-A38B0B24BDB1}.Debug|Any CPU.ActiveCfg = Debug|Any CPU
		{60FA8FE9-AD94-45EE-8C74-A38B0B24BDB1}.Debug|Any CPU.Build.0 = Debug|Any CPU
		{60FA8FE9-AD94-45EE-8C74-A38B0B24BDB1}.Debug|x86.ActiveCfg = Debug|Any CPU
		{60FA8FE9-AD94-45EE-8C74-A38B0B24BDB1}.Debug|x86.Build.0 = Debug|Any CPU
		{60FA8FE9-AD94-45EE-8C74-A38B0B24BDB1}.Release|Any CPU.ActiveCfg = Release|Any CPU
		{60FA8FE9-AD94-45EE-8C74-A38B0B24BDB1}.Release|Any CPU.Build.0 = Release|Any CPU
		{60FA8FE9-AD94-45EE-8C74-A38B0B24BDB1}.Release|x86.ActiveCfg = Release|Any CPU
		{60FA8FE9-AD94-45EE-8C74-A38B0B24BDB1}.Release|x86.Build.0 = Release|Any CPU
		{49D0543E-F928-4146-A3E0-FDF0525FEB7F}.Debug|Any CPU.ActiveCfg = Debug|Any CPU
		{49D0543E-F928-4146-A3E0-FDF0525FEB7F}.Debug|Any CPU.Build.0 = Debug|Any CPU
		{49D0543E-F928-4146-A3E0-FDF0525FEB7F}.Debug|x86.ActiveCfg = Debug|Any CPU
		{49D0543E-F928-4146-A3E0-FDF0525FEB7F}.Debug|x86.Build.0 = Debug|Any CPU
		{49D0543E-F928-4146-A3E0-FDF0525FEB7F}.Release|Any CPU.ActiveCfg = Release|Any CPU
		{49D0543E-F928-4146-A3E0-FDF0525FEB7F}.Release|Any CPU.Build.0 = Release|Any CPU
		{49D0543E-F928-4146-A3E0-FDF0525FEB7F}.Release|x86.ActiveCfg = Release|Any CPU
		{49D0543E-F928-4146-A3E0-FDF0525FEB7F}.Release|x86.Build.0 = Release|Any CPU
		{E78ACB08-4BCA-4B5F-95CA-49B753700AF5}.Debug|Any CPU.ActiveCfg = Debug|Any CPU
		{E78ACB08-4BCA-4B5F-95CA-49B753700AF5}.Debug|Any CPU.Build.0 = Debug|Any CPU
		{E78ACB08-4BCA-4B5F-95CA-49B753700AF5}.Debug|x86.ActiveCfg = Debug|Any CPU
		{E78ACB08-4BCA-4B5F-95CA-49B753700AF5}.Debug|x86.Build.0 = Debug|Any CPU
		{E78ACB08-4BCA-4B5F-95CA-49B753700AF5}.Release|Any CPU.ActiveCfg = Release|Any CPU
		{E78ACB08-4BCA-4B5F-95CA-49B753700AF5}.Release|Any CPU.Build.0 = Release|Any CPU
		{E78ACB08-4BCA-4B5F-95CA-49B753700AF5}.Release|x86.ActiveCfg = Release|Any CPU
		{E78ACB08-4BCA-4B5F-95CA-49B753700AF5}.Release|x86.Build.0 = Release|Any CPU
		{067456C0-086C-46A8-B37F-1405717B7BFC}.Debug|Any CPU.ActiveCfg = Debug|Any CPU
		{067456C0-086C-46A8-B37F-1405717B7BFC}.Debug|Any CPU.Build.0 = Debug|Any CPU
		{067456C0-086C-46A8-B37F-1405717B7BFC}.Debug|x86.ActiveCfg = Debug|Any CPU
		{067456C0-086C-46A8-B37F-1405717B7BFC}.Debug|x86.Build.0 = Debug|Any CPU
		{067456C0-086C-46A8-B37F-1405717B7BFC}.Release|Any CPU.ActiveCfg = Release|Any CPU
		{067456C0-086C-46A8-B37F-1405717B7BFC}.Release|Any CPU.Build.0 = Release|Any CPU
		{067456C0-086C-46A8-B37F-1405717B7BFC}.Release|x86.ActiveCfg = Release|Any CPU
		{067456C0-086C-46A8-B37F-1405717B7BFC}.Release|x86.Build.0 = Release|Any CPU
		{43FDBC81-7401-459B-9CBD-A250A030ABE9}.Debug|Any CPU.ActiveCfg = Debug|Any CPU
		{43FDBC81-7401-459B-9CBD-A250A030ABE9}.Debug|Any CPU.Build.0 = Debug|Any CPU
		{43FDBC81-7401-459B-9CBD-A250A030ABE9}.Debug|x86.ActiveCfg = Debug|Any CPU
		{43FDBC81-7401-459B-9CBD-A250A030ABE9}.Debug|x86.Build.0 = Debug|Any CPU
		{43FDBC81-7401-459B-9CBD-A250A030ABE9}.Release|Any CPU.ActiveCfg = Release|Any CPU
		{43FDBC81-7401-459B-9CBD-A250A030ABE9}.Release|Any CPU.Build.0 = Release|Any CPU
		{43FDBC81-7401-459B-9CBD-A250A030ABE9}.Release|x86.ActiveCfg = Release|Any CPU
		{43FDBC81-7401-459B-9CBD-A250A030ABE9}.Release|x86.Build.0 = Release|Any CPU
		{FA73F6A4-2A5B-434A-BDFB-F3DE81579373}.Debug|Any CPU.ActiveCfg = Debug|Any CPU
		{FA73F6A4-2A5B-434A-BDFB-F3DE81579373}.Debug|Any CPU.Build.0 = Debug|Any CPU
		{FA73F6A4-2A5B-434A-BDFB-F3DE81579373}.Debug|x86.ActiveCfg = Debug|Any CPU
		{FA73F6A4-2A5B-434A-BDFB-F3DE81579373}.Debug|x86.Build.0 = Debug|Any CPU
		{FA73F6A4-2A5B-434A-BDFB-F3DE81579373}.Release|Any CPU.ActiveCfg = Release|Any CPU
		{FA73F6A4-2A5B-434A-BDFB-F3DE81579373}.Release|Any CPU.Build.0 = Release|Any CPU
		{FA73F6A4-2A5B-434A-BDFB-F3DE81579373}.Release|x86.ActiveCfg = Release|Any CPU
		{FA73F6A4-2A5B-434A-BDFB-F3DE81579373}.Release|x86.Build.0 = Release|Any CPU
		{2E729F25-C367-42C3-83E7-A87449CB6AB5}.Debug|Any CPU.ActiveCfg = Debug|Any CPU
		{2E729F25-C367-42C3-83E7-A87449CB6AB5}.Debug|Any CPU.Build.0 = Debug|Any CPU
		{2E729F25-C367-42C3-83E7-A87449CB6AB5}.Debug|x86.ActiveCfg = Debug|Any CPU
		{2E729F25-C367-42C3-83E7-A87449CB6AB5}.Debug|x86.Build.0 = Debug|Any CPU
		{2E729F25-C367-42C3-83E7-A87449CB6AB5}.Release|Any CPU.ActiveCfg = Release|Any CPU
		{2E729F25-C367-42C3-83E7-A87449CB6AB5}.Release|Any CPU.Build.0 = Release|Any CPU
		{2E729F25-C367-42C3-83E7-A87449CB6AB5}.Release|x86.ActiveCfg = Release|Any CPU
		{2E729F25-C367-42C3-83E7-A87449CB6AB5}.Release|x86.Build.0 = Release|Any CPU
		{52F81F8C-9DDD-4387-8BB7-2D004A4CDF87}.Debug|Any CPU.ActiveCfg = Debug|Any CPU
		{52F81F8C-9DDD-4387-8BB7-2D004A4CDF87}.Debug|Any CPU.Build.0 = Debug|Any CPU
		{52F81F8C-9DDD-4387-8BB7-2D004A4CDF87}.Debug|x86.ActiveCfg = Debug|Any CPU
		{52F81F8C-9DDD-4387-8BB7-2D004A4CDF87}.Debug|x86.Build.0 = Debug|Any CPU
		{52F81F8C-9DDD-4387-8BB7-2D004A4CDF87}.Release|Any CPU.ActiveCfg = Release|Any CPU
		{52F81F8C-9DDD-4387-8BB7-2D004A4CDF87}.Release|Any CPU.Build.0 = Release|Any CPU
		{52F81F8C-9DDD-4387-8BB7-2D004A4CDF87}.Release|x86.ActiveCfg = Release|Any CPU
		{52F81F8C-9DDD-4387-8BB7-2D004A4CDF87}.Release|x86.Build.0 = Release|Any CPU
		{08465CA5-00FF-4585-BDE1-47E1AD5D194A}.Debug|Any CPU.ActiveCfg = Debug|Any CPU
		{08465CA5-00FF-4585-BDE1-47E1AD5D194A}.Debug|Any CPU.Build.0 = Debug|Any CPU
		{08465CA5-00FF-4585-BDE1-47E1AD5D194A}.Debug|x86.ActiveCfg = Debug|Any CPU
		{08465CA5-00FF-4585-BDE1-47E1AD5D194A}.Debug|x86.Build.0 = Debug|Any CPU
		{08465CA5-00FF-4585-BDE1-47E1AD5D194A}.Release|Any CPU.ActiveCfg = Release|Any CPU
		{08465CA5-00FF-4585-BDE1-47E1AD5D194A}.Release|Any CPU.Build.0 = Release|Any CPU
		{08465CA5-00FF-4585-BDE1-47E1AD5D194A}.Release|x86.ActiveCfg = Release|Any CPU
		{08465CA5-00FF-4585-BDE1-47E1AD5D194A}.Release|x86.Build.0 = Release|Any CPU
		{980B3DB2-22CF-4E5A-8380-EDB430860A62}.Debug|Any CPU.ActiveCfg = Debug|Any CPU
		{980B3DB2-22CF-4E5A-8380-EDB430860A62}.Debug|Any CPU.Build.0 = Debug|Any CPU
		{980B3DB2-22CF-4E5A-8380-EDB430860A62}.Debug|x86.ActiveCfg = Debug|Any CPU
		{980B3DB2-22CF-4E5A-8380-EDB430860A62}.Debug|x86.Build.0 = Debug|Any CPU
		{980B3DB2-22CF-4E5A-8380-EDB430860A62}.Release|Any CPU.ActiveCfg = Release|Any CPU
		{980B3DB2-22CF-4E5A-8380-EDB430860A62}.Release|Any CPU.Build.0 = Release|Any CPU
		{980B3DB2-22CF-4E5A-8380-EDB430860A62}.Release|x86.ActiveCfg = Release|Any CPU
		{980B3DB2-22CF-4E5A-8380-EDB430860A62}.Release|x86.Build.0 = Release|Any CPU
		{DEA3FEAF-3C38-4565-BB27-0F7D3D6C61A3}.Debug|Any CPU.ActiveCfg = Debug|Any CPU
		{DEA3FEAF-3C38-4565-BB27-0F7D3D6C61A3}.Debug|Any CPU.Build.0 = Debug|Any CPU
		{DEA3FEAF-3C38-4565-BB27-0F7D3D6C61A3}.Debug|x86.ActiveCfg = Debug|Any CPU
		{DEA3FEAF-3C38-4565-BB27-0F7D3D6C61A3}.Debug|x86.Build.0 = Debug|Any CPU
		{DEA3FEAF-3C38-4565-BB27-0F7D3D6C61A3}.Release|Any CPU.ActiveCfg = Release|Any CPU
		{DEA3FEAF-3C38-4565-BB27-0F7D3D6C61A3}.Release|Any CPU.Build.0 = Release|Any CPU
		{DEA3FEAF-3C38-4565-BB27-0F7D3D6C61A3}.Release|x86.ActiveCfg = Release|Any CPU
		{DEA3FEAF-3C38-4565-BB27-0F7D3D6C61A3}.Release|x86.Build.0 = Release|Any CPU
		{BC6A97D4-FBC9-438B-BD2A-33D724457133}.Debug|Any CPU.ActiveCfg = Debug|Any CPU
		{BC6A97D4-FBC9-438B-BD2A-33D724457133}.Debug|Any CPU.Build.0 = Debug|Any CPU
		{BC6A97D4-FBC9-438B-BD2A-33D724457133}.Debug|x86.ActiveCfg = Debug|Any CPU
		{BC6A97D4-FBC9-438B-BD2A-33D724457133}.Debug|x86.Build.0 = Debug|Any CPU
		{BC6A97D4-FBC9-438B-BD2A-33D724457133}.Release|Any CPU.ActiveCfg = Release|Any CPU
		{BC6A97D4-FBC9-438B-BD2A-33D724457133}.Release|Any CPU.Build.0 = Release|Any CPU
		{BC6A97D4-FBC9-438B-BD2A-33D724457133}.Release|x86.ActiveCfg = Release|Any CPU
		{BC6A97D4-FBC9-438B-BD2A-33D724457133}.Release|x86.Build.0 = Release|Any CPU
		{56BEBF5D-B78D-4BF5-9DBF-59BFF9133AAC}.Debug|Any CPU.ActiveCfg = Debug|Any CPU
		{56BEBF5D-B78D-4BF5-9DBF-59BFF9133AAC}.Debug|Any CPU.Build.0 = Debug|Any CPU
		{56BEBF5D-B78D-4BF5-9DBF-59BFF9133AAC}.Debug|x86.ActiveCfg = Debug|Any CPU
		{56BEBF5D-B78D-4BF5-9DBF-59BFF9133AAC}.Debug|x86.Build.0 = Debug|Any CPU
		{56BEBF5D-B78D-4BF5-9DBF-59BFF9133AAC}.Release|Any CPU.ActiveCfg = Release|Any CPU
		{56BEBF5D-B78D-4BF5-9DBF-59BFF9133AAC}.Release|Any CPU.Build.0 = Release|Any CPU
		{56BEBF5D-B78D-4BF5-9DBF-59BFF9133AAC}.Release|x86.ActiveCfg = Release|Any CPU
		{56BEBF5D-B78D-4BF5-9DBF-59BFF9133AAC}.Release|x86.Build.0 = Release|Any CPU
		{D95FBF19-EB4D-421A-9991-21C63DABFDC2}.Debug|Any CPU.ActiveCfg = Debug|Any CPU
		{D95FBF19-EB4D-421A-9991-21C63DABFDC2}.Debug|Any CPU.Build.0 = Debug|Any CPU
		{D95FBF19-EB4D-421A-9991-21C63DABFDC2}.Debug|x86.ActiveCfg = Debug|Any CPU
		{D95FBF19-EB4D-421A-9991-21C63DABFDC2}.Debug|x86.Build.0 = Debug|Any CPU
		{D95FBF19-EB4D-421A-9991-21C63DABFDC2}.Release|Any CPU.ActiveCfg = Release|Any CPU
		{D95FBF19-EB4D-421A-9991-21C63DABFDC2}.Release|Any CPU.Build.0 = Release|Any CPU
		{D95FBF19-EB4D-421A-9991-21C63DABFDC2}.Release|x86.ActiveCfg = Release|Any CPU
		{D95FBF19-EB4D-421A-9991-21C63DABFDC2}.Release|x86.Build.0 = Release|Any CPU
		{02497C8B-61FE-4154-83BE-380B75FD299E}.Debug|Any CPU.ActiveCfg = Debug|Any CPU
		{02497C8B-61FE-4154-83BE-380B75FD299E}.Debug|Any CPU.Build.0 = Debug|Any CPU
		{02497C8B-61FE-4154-83BE-380B75FD299E}.Debug|x86.ActiveCfg = Debug|Any CPU
		{02497C8B-61FE-4154-83BE-380B75FD299E}.Debug|x86.Build.0 = Debug|Any CPU
		{02497C8B-61FE-4154-83BE-380B75FD299E}.Release|Any CPU.ActiveCfg = Release|Any CPU
		{02497C8B-61FE-4154-83BE-380B75FD299E}.Release|Any CPU.Build.0 = Release|Any CPU
		{02497C8B-61FE-4154-83BE-380B75FD299E}.Release|x86.ActiveCfg = Release|Any CPU
		{02497C8B-61FE-4154-83BE-380B75FD299E}.Release|x86.Build.0 = Release|Any CPU
	EndGlobalSection
	GlobalSection(SolutionProperties) = preSolution
		HideSolutionNode = FALSE
	EndGlobalSection
	GlobalSection(NestedProjects) = preSolution
		{49D0543E-F928-4146-A3E0-FDF0525FEB7F} = {3B5ED33A-33B5-48A4-8BFD-B5D502C706B3}
		{E78ACB08-4BCA-4B5F-95CA-49B753700AF5} = {3B5ED33A-33B5-48A4-8BFD-B5D502C706B3}
		{067456C0-086C-46A8-B37F-1405717B7BFC} = {7FA4AB57-C7F7-40D9-A969-07A02038B761}
		{43FDBC81-7401-459B-9CBD-A250A030ABE9} = {7FA4AB57-C7F7-40D9-A969-07A02038B761}
		{FA73F6A4-2A5B-434A-BDFB-F3DE81579373} = {7FA4AB57-C7F7-40D9-A969-07A02038B761}
		{2E729F25-C367-42C3-83E7-A87449CB6AB5} = {7FA4AB57-C7F7-40D9-A969-07A02038B761}
		{52F81F8C-9DDD-4387-8BB7-2D004A4CDF87} = {3B5ED33A-33B5-48A4-8BFD-B5D502C706B3}
		{980B3DB2-22CF-4E5A-8380-EDB430860A62} = {7FA4AB57-C7F7-40D9-A969-07A02038B761}
		{DEA3FEAF-3C38-4565-BB27-0F7D3D6C61A3} = {7FA4AB57-C7F7-40D9-A969-07A02038B761}
		{56BEBF5D-B78D-4BF5-9DBF-59BFF9133AAC} = {7FA4AB57-C7F7-40D9-A969-07A02038B761}
		{D95FBF19-EB4D-421A-9991-21C63DABFDC2} = {3B5ED33A-33B5-48A4-8BFD-B5D502C706B3}
		{02497C8B-61FE-4154-83BE-380B75FD299E} = {3B5ED33A-33B5-48A4-8BFD-B5D502C706B3}
	EndGlobalSection
	GlobalSection(ExtensibilityGlobals) = postSolution
		SolutionGuid = {BCB0207A-F72A-415F-A455-C0D1CE0BB727}
	EndGlobalSection
EndGlobal
